// !$*UTF8*$!
{
	archiveVersion = 1;
	classes = {
	};
	objectVersion = 55;
	objects = {

/* Begin PBXBuildFile section */
		0531634CC201495FA7CF061B /* Pods_MyRecipeApp_CleanArchitecture.framework in Frameworks */ = {isa = PBXBuildFile; fileRef = 20252B6895F4E2C715D3D1D7 /* Pods_MyRecipeApp_CleanArchitecture.framework */; };
		AEE53D4F27237880004E075C /* AppDelegate.swift in Sources */ = {isa = PBXBuildFile; fileRef = AEE53D4E27237880004E075C /* AppDelegate.swift */; };
		AEE53D5127237880004E075C /* SceneDelegate.swift in Sources */ = {isa = PBXBuildFile; fileRef = AEE53D5027237880004E075C /* SceneDelegate.swift */; };
		AEE53D5327237880004E075C /* ViewController.swift in Sources */ = {isa = PBXBuildFile; fileRef = AEE53D5227237880004E075C /* ViewController.swift */; };
		AEE53D5627237880004E075C /* Main.storyboard in Resources */ = {isa = PBXBuildFile; fileRef = AEE53D5427237880004E075C /* Main.storyboard */; };
		AEE53D5927237880004E075C /* MyRecipeApp_CleanArchitecture.xcdatamodeld in Sources */ = {isa = PBXBuildFile; fileRef = AEE53D5727237880004E075C /* MyRecipeApp_CleanArchitecture.xcdatamodeld */; };
		AEE53D5B27237882004E075C /* Assets.xcassets in Resources */ = {isa = PBXBuildFile; fileRef = AEE53D5A27237882004E075C /* Assets.xcassets */; };
		AEE53D5E27237882004E075C /* LaunchScreen.storyboard in Resources */ = {isa = PBXBuildFile; fileRef = AEE53D5C27237882004E075C /* LaunchScreen.storyboard */; };
		AEE53D6D272382D0004E075C /* Recipe.swift in Sources */ = {isa = PBXBuildFile; fileRef = AEE53D6C272382D0004E075C /* Recipe.swift */; };
		AEE53D762723848F004E075C /* Coordinator.swift in Sources */ = {isa = PBXBuildFile; fileRef = AEE53D752723848F004E075C /* Coordinator.swift */; };
		AEE53D792723908C004E075C /* Storyboarded.swift in Sources */ = {isa = PBXBuildFile; fileRef = AEE53D782723908C004E075C /* Storyboarded.swift */; };
		AEE53D7D272393B9004E075C /* Collections_Ext.swift in Sources */ = {isa = PBXBuildFile; fileRef = AEE53D7C272393B9004E075C /* Collections_Ext.swift */; };
		AEE53D7F272395BF004E075C /* MainCoordinator.swift in Sources */ = {isa = PBXBuildFile; fileRef = AEE53D7E272395BF004E075C /* MainCoordinator.swift */; };
		AEE53D8127239A3A004E075C /* RecipeCoordinator.swift in Sources */ = {isa = PBXBuildFile; fileRef = AEE53D8027239A3A004E075C /* RecipeCoordinator.swift */; };
		AEE53D832723A749004E075C /* RecipeListViewModel.swift in Sources */ = {isa = PBXBuildFile; fileRef = AEE53D822723A749004E075C /* RecipeListViewModel.swift */; };
		AEE53D862723AA7F004E075C /* CustomInject.swift in Sources */ = {isa = PBXBuildFile; fileRef = AEE53D852723AA7F004E075C /* CustomInject.swift */; };
		AEE53D8827243AE0004E075C /* InjectModules.swift in Sources */ = {isa = PBXBuildFile; fileRef = AEE53D8727243AE0004E075C /* InjectModules.swift */; };
		AEE53D8A27243AF7004E075C /* InjectCoordinators.swift in Sources */ = {isa = PBXBuildFile; fileRef = AEE53D8927243AF7004E075C /* InjectCoordinators.swift */; };
		AEE53D8E27243BAD004E075C /* NetworkService.swift in Sources */ = {isa = PBXBuildFile; fileRef = AEE53D8D27243BAD004E075C /* NetworkService.swift */; };
		AEE53D91272449AB004E075C /* AppConfig.swift in Sources */ = {isa = PBXBuildFile; fileRef = AEE53D90272449AB004E075C /* AppConfig.swift */; };
		AEE53D9427247003004E075C /* RecipeRepository.swift in Sources */ = {isa = PBXBuildFile; fileRef = AEE53D9327247003004E075C /* RecipeRepository.swift */; };
		AEE53D962724715E004E075C /* RecipeList.swift in Sources */ = {isa = PBXBuildFile; fileRef = AEE53D952724715E004E075C /* RecipeList.swift */; };
		AEE53D9A27247401004E075C /* RecipeRepositoryImpl.swift in Sources */ = {isa = PBXBuildFile; fileRef = AEE53D9927247401004E075C /* RecipeRepositoryImpl.swift */; };
		AEE53D9C272474F6004E075C /* RecipeApi.swift in Sources */ = {isa = PBXBuildFile; fileRef = AEE53D9B272474F6004E075C /* RecipeApi.swift */; };
/* End PBXBuildFile section */

/* Begin PBXFileReference section */
		20252B6895F4E2C715D3D1D7 /* Pods_MyRecipeApp_CleanArchitecture.framework */ = {isa = PBXFileReference; explicitFileType = wrapper.framework; includeInIndex = 0; path = Pods_MyRecipeApp_CleanArchitecture.framework; sourceTree = BUILT_PRODUCTS_DIR; };
		2FFDDF9B122E9524539D95F4 /* Pods-MyRecipeApp_CleanArchitecture.release.xcconfig */ = {isa = PBXFileReference; includeInIndex = 1; lastKnownFileType = text.xcconfig; name = "Pods-MyRecipeApp_CleanArchitecture.release.xcconfig"; path = "Target Support Files/Pods-MyRecipeApp_CleanArchitecture/Pods-MyRecipeApp_CleanArchitecture.release.xcconfig"; sourceTree = "<group>"; };
		866DD6C2A85D8B12EC3FC4F2 /* Pods-MyRecipeApp_CleanArchitecture.debug.xcconfig */ = {isa = PBXFileReference; includeInIndex = 1; lastKnownFileType = text.xcconfig; name = "Pods-MyRecipeApp_CleanArchitecture.debug.xcconfig"; path = "Target Support Files/Pods-MyRecipeApp_CleanArchitecture/Pods-MyRecipeApp_CleanArchitecture.debug.xcconfig"; sourceTree = "<group>"; };
		AEE53D4B27237880004E075C /* MyRecipeApp_CleanArchitecture.app */ = {isa = PBXFileReference; explicitFileType = wrapper.application; includeInIndex = 0; path = MyRecipeApp_CleanArchitecture.app; sourceTree = BUILT_PRODUCTS_DIR; };
		AEE53D4E27237880004E075C /* AppDelegate.swift */ = {isa = PBXFileReference; lastKnownFileType = sourcecode.swift; path = AppDelegate.swift; sourceTree = "<group>"; };
		AEE53D5027237880004E075C /* SceneDelegate.swift */ = {isa = PBXFileReference; lastKnownFileType = sourcecode.swift; path = SceneDelegate.swift; sourceTree = "<group>"; };
		AEE53D5227237880004E075C /* ViewController.swift */ = {isa = PBXFileReference; lastKnownFileType = sourcecode.swift; path = ViewController.swift; sourceTree = "<group>"; };
		AEE53D5527237880004E075C /* Base */ = {isa = PBXFileReference; lastKnownFileType = file.storyboard; name = Base; path = Base.lproj/Main.storyboard; sourceTree = "<group>"; };
		AEE53D5827237880004E075C /* MyRecipeApp_CleanArchitecture.xcdatamodel */ = {isa = PBXFileReference; lastKnownFileType = wrapper.xcdatamodel; path = MyRecipeApp_CleanArchitecture.xcdatamodel; sourceTree = "<group>"; };
		AEE53D5A27237882004E075C /* Assets.xcassets */ = {isa = PBXFileReference; lastKnownFileType = folder.assetcatalog; path = Assets.xcassets; sourceTree = "<group>"; };
		AEE53D5D27237882004E075C /* Base */ = {isa = PBXFileReference; lastKnownFileType = file.storyboard; name = Base; path = Base.lproj/LaunchScreen.storyboard; sourceTree = "<group>"; };
		AEE53D5F27237882004E075C /* Info.plist */ = {isa = PBXFileReference; lastKnownFileType = text.plist.xml; path = Info.plist; sourceTree = "<group>"; };
		AEE53D6C272382D0004E075C /* Recipe.swift */ = {isa = PBXFileReference; lastKnownFileType = sourcecode.swift; path = Recipe.swift; sourceTree = "<group>"; };
		AEE53D752723848F004E075C /* Coordinator.swift */ = {isa = PBXFileReference; lastKnownFileType = sourcecode.swift; path = Coordinator.swift; sourceTree = "<group>"; };
		AEE53D782723908C004E075C /* Storyboarded.swift */ = {isa = PBXFileReference; lastKnownFileType = sourcecode.swift; path = Storyboarded.swift; sourceTree = "<group>"; };
		AEE53D7C272393B9004E075C /* Collections_Ext.swift */ = {isa = PBXFileReference; lastKnownFileType = sourcecode.swift; path = Collections_Ext.swift; sourceTree = "<group>"; };
		AEE53D7E272395BF004E075C /* MainCoordinator.swift */ = {isa = PBXFileReference; lastKnownFileType = sourcecode.swift; path = MainCoordinator.swift; sourceTree = "<group>"; };
		AEE53D8027239A3A004E075C /* RecipeCoordinator.swift */ = {isa = PBXFileReference; lastKnownFileType = sourcecode.swift; path = RecipeCoordinator.swift; sourceTree = "<group>"; };
		AEE53D822723A749004E075C /* RecipeListViewModel.swift */ = {isa = PBXFileReference; lastKnownFileType = sourcecode.swift; path = RecipeListViewModel.swift; sourceTree = "<group>"; };
		AEE53D852723AA7F004E075C /* CustomInject.swift */ = {isa = PBXFileReference; lastKnownFileType = sourcecode.swift; path = CustomInject.swift; sourceTree = "<group>"; };
		AEE53D8727243AE0004E075C /* InjectModules.swift */ = {isa = PBXFileReference; lastKnownFileType = sourcecode.swift; path = InjectModules.swift; sourceTree = "<group>"; };
		AEE53D8927243AF7004E075C /* InjectCoordinators.swift */ = {isa = PBXFileReference; lastKnownFileType = sourcecode.swift; path = InjectCoordinators.swift; sourceTree = "<group>"; };
		AEE53D8D27243BAD004E075C /* NetworkService.swift */ = {isa = PBXFileReference; lastKnownFileType = sourcecode.swift; path = NetworkService.swift; sourceTree = "<group>"; };
		AEE53D90272449AB004E075C /* AppConfig.swift */ = {isa = PBXFileReference; lastKnownFileType = sourcecode.swift; path = AppConfig.swift; sourceTree = "<group>"; };
		AEE53D9327247003004E075C /* RecipeRepository.swift */ = {isa = PBXFileReference; lastKnownFileType = sourcecode.swift; path = RecipeRepository.swift; sourceTree = "<group>"; };
		AEE53D952724715E004E075C /* RecipeList.swift */ = {isa = PBXFileReference; lastKnownFileType = sourcecode.swift; path = RecipeList.swift; sourceTree = "<group>"; };
		AEE53D9927247401004E075C /* RecipeRepositoryImpl.swift */ = {isa = PBXFileReference; lastKnownFileType = sourcecode.swift; path = RecipeRepositoryImpl.swift; sourceTree = "<group>"; };
		AEE53D9B272474F6004E075C /* RecipeApi.swift */ = {isa = PBXFileReference; lastKnownFileType = sourcecode.swift; path = RecipeApi.swift; sourceTree = "<group>"; };
/* End PBXFileReference section */

/* Begin PBXFrameworksBuildPhase section */
		AEE53D4827237880004E075C /* Frameworks */ = {
			isa = PBXFrameworksBuildPhase;
			buildActionMask = 2147483647;
			files = (
				0531634CC201495FA7CF061B /* Pods_MyRecipeApp_CleanArchitecture.framework in Frameworks */,
			);
			runOnlyForDeploymentPostprocessing = 0;
		};
/* End PBXFrameworksBuildPhase section */

/* Begin PBXGroup section */
		03FCA11A07D49344A1398BB5 /* Frameworks */ = {
			isa = PBXGroup;
			children = (
				20252B6895F4E2C715D3D1D7 /* Pods_MyRecipeApp_CleanArchitecture.framework */,
			);
			name = Frameworks;
			sourceTree = "<group>";
		};
		9A16CFA1E2139314451BCF67 /* Pods */ = {
			isa = PBXGroup;
			children = (
				866DD6C2A85D8B12EC3FC4F2 /* Pods-MyRecipeApp_CleanArchitecture.debug.xcconfig */,
				2FFDDF9B122E9524539D95F4 /* Pods-MyRecipeApp_CleanArchitecture.release.xcconfig */,
			);
			name = Pods;
			path = Pods;
			sourceTree = "<group>";
		};
		AEE53D4227237880004E075C = {
			isa = PBXGroup;
			children = (
				AEE53D4D27237880004E075C /* MyRecipeApp_CleanArchitecture */,
				AEE53D4C27237880004E075C /* Products */,
				9A16CFA1E2139314451BCF67 /* Pods */,
				03FCA11A07D49344A1398BB5 /* Frameworks */,
			);
			sourceTree = "<group>";
		};
		AEE53D4C27237880004E075C /* Products */ = {
			isa = PBXGroup;
			children = (
				AEE53D4B27237880004E075C /* MyRecipeApp_CleanArchitecture.app */,
			);
			name = Products;
			sourceTree = "<group>";
		};
		AEE53D4D27237880004E075C /* MyRecipeApp_CleanArchitecture */ = {
			isa = PBXGroup;
			children = (
				AEE53D6527238159004E075C /* Application */,
				AEE53D6A2723824A004E075C /* Domain */,
				AEE53D672723819F004E075C /* Data */,
				AEE53D6E27238350004E075C /* Presentation */,
				AEE53D8B27243B70004E075C /* Infrastracture */,
				AEE53D662723816C004E075C /* Resources */,
				AEE53D5027237880004E075C /* SceneDelegate.swift */,
			);
			path = MyRecipeApp_CleanArchitecture;
			sourceTree = "<group>";
		};
		AEE53D6527238159004E075C /* Application */ = {
			isa = PBXGroup;
			children = (
				AEE53D842723A7C8004E075C /* Di */,
				AEE53D7427238479004E075C /* Base */,
				AEE53D4E27237880004E075C /* AppDelegate.swift */,
				AEE53D90272449AB004E075C /* AppConfig.swift */,
			);
			path = Application;
			sourceTree = "<group>";
		};
		AEE53D662723816C004E075C /* Resources */ = {
			isa = PBXGroup;
			children = (
				AEE53D5427237880004E075C /* Main.storyboard */,
				AEE53D5A27237882004E075C /* Assets.xcassets */,
				AEE53D5C27237882004E075C /* LaunchScreen.storyboard */,
				AEE53D5F27237882004E075C /* Info.plist */,
			);
			path = Resources;
			sourceTree = "<group>";
		};
		AEE53D672723819F004E075C /* Data */ = {
			isa = PBXGroup;
			children = (
				AEE53D98272473EC004E075C /* Repositories */,
				AEE53D97272473DA004E075C /* Network */,
				AEE53D68272381F7004E075C /* LocalStorage */,
			);
			path = Data;
			sourceTree = "<group>";
		};
		AEE53D68272381F7004E075C /* LocalStorage */ = {
			isa = PBXGroup;
			children = (
				AEE53D6927238217004E075C /* CoreDataStorage */,
			);
			path = LocalStorage;
			sourceTree = "<group>";
		};
		AEE53D6927238217004E075C /* CoreDataStorage */ = {
			isa = PBXGroup;
			children = (
				AEE53D5727237880004E075C /* MyRecipeApp_CleanArchitecture.xcdatamodeld */,
			);
			path = CoreDataStorage;
			sourceTree = "<group>";
		};
		AEE53D6A2723824A004E075C /* Domain */ = {
			isa = PBXGroup;
			children = (
				AEE53D6B2723825A004E075C /* Models */,
				AEE53D9227246FCF004E075C /* Interfaces */,
			);
			path = Domain;
			sourceTree = "<group>";
		};
		AEE53D6B2723825A004E075C /* Models */ = {
			isa = PBXGroup;
			children = (
				AEE53D6C272382D0004E075C /* Recipe.swift */,
				AEE53D952724715E004E075C /* RecipeList.swift */,
			);
			path = Models;
			sourceTree = "<group>";
		};
		AEE53D6E27238350004E075C /* Presentation */ = {
			isa = PBXGroup;
			children = (
				AEE53D6F2723837A004E075C /* RecipeScene */,
				AEE53D7727239073004E075C /* Utils */,
			);
			path = Presentation;
			sourceTree = "<group>";
		};
		AEE53D6F2723837A004E075C /* RecipeScene */ = {
			isa = PBXGroup;
			children = (
				AEE53D70272383AA004E075C /* Coordinator */,
				AEE53D73272383D5004E075C /* RecipeList */,
			);
			path = RecipeScene;
			sourceTree = "<group>";
		};
		AEE53D70272383AA004E075C /* Coordinator */ = {
			isa = PBXGroup;
			children = (
				AEE53D8027239A3A004E075C /* RecipeCoordinator.swift */,
			);
			path = Coordinator;
			sourceTree = "<group>";
		};
		AEE53D71272383BB004E075C /* View */ = {
			isa = PBXGroup;
			children = (
				AEE53D5227237880004E075C /* ViewController.swift */,
			);
			path = View;
			sourceTree = "<group>";
		};
		AEE53D72272383C4004E075C /* ViewModel */ = {
			isa = PBXGroup;
			children = (
				AEE53D822723A749004E075C /* RecipeListViewModel.swift */,
			);
			path = ViewModel;
			sourceTree = "<group>";
		};
		AEE53D73272383D5004E075C /* RecipeList */ = {
			isa = PBXGroup;
			children = (
				AEE53D71272383BB004E075C /* View */,
				AEE53D72272383C4004E075C /* ViewModel */,
			);
			path = RecipeList;
			sourceTree = "<group>";
		};
		AEE53D7427238479004E075C /* Base */ = {
			isa = PBXGroup;
			children = (
				AEE53D7E272395BF004E075C /* MainCoordinator.swift */,
				AEE53D752723848F004E075C /* Coordinator.swift */,
			);
			path = Base;
			sourceTree = "<group>";
		};
		AEE53D7727239073004E075C /* Utils */ = {
			isa = PBXGroup;
			children = (
				AEE53D7B27239361004E075C /* Extensions */,
				AEE53D7A2723934E004E075C /* Protocols */,
			);
			path = Utils;
			sourceTree = "<group>";
		};
		AEE53D7A2723934E004E075C /* Protocols */ = {
			isa = PBXGroup;
			children = (
				AEE53D782723908C004E075C /* Storyboarded.swift */,
			);
			path = Protocols;
			sourceTree = "<group>";
		};
		AEE53D7B27239361004E075C /* Extensions */ = {
			isa = PBXGroup;
			children = (
				AEE53D7C272393B9004E075C /* Collections_Ext.swift */,
			);
			path = Extensions;
			sourceTree = "<group>";
		};
		AEE53D842723A7C8004E075C /* Di */ = {
			isa = PBXGroup;
			children = (
				AEE53D852723AA7F004E075C /* CustomInject.swift */,
				AEE53D8727243AE0004E075C /* InjectModules.swift */,
				AEE53D8927243AF7004E075C /* InjectCoordinators.swift */,
			);
			path = Di;
			sourceTree = "<group>";
		};
		AEE53D8B27243B70004E075C /* Infrastracture */ = {
			isa = PBXGroup;
			children = (
				AEE53D8C27243B86004E075C /* Network */,
			);
			path = Infrastracture;
			sourceTree = "<group>";
		};
		AEE53D8C27243B86004E075C /* Network */ = {
			isa = PBXGroup;
			children = (
				AEE53D8D27243BAD004E075C /* NetworkService.swift */,
			);
			path = Network;
			sourceTree = "<group>";
		};
		AEE53D9227246FCF004E075C /* Interfaces */ = {
			isa = PBXGroup;
			children = (
				AEE53D9327247003004E075C /* RecipeRepository.swift */,
			);
			path = Interfaces;
			sourceTree = "<group>";
		};
		AEE53D97272473DA004E075C /* Network */ = {
			isa = PBXGroup;
			children = (
				AEE53D9B272474F6004E075C /* RecipeApi.swift */,
			);
			path = Network;
			sourceTree = "<group>";
		};
		AEE53D98272473EC004E075C /* Repositories */ = {
			isa = PBXGroup;
			children = (
				AEE53D9927247401004E075C /* RecipeRepositoryImpl.swift */,
			);
			path = Repositories;
			sourceTree = "<group>";
		};
/* End PBXGroup section */

/* Begin PBXNativeTarget section */
		AEE53D4A27237880004E075C /* MyRecipeApp_CleanArchitecture */ = {
			isa = PBXNativeTarget;
			buildConfigurationList = AEE53D6227237882004E075C /* Build configuration list for PBXNativeTarget "MyRecipeApp_CleanArchitecture" */;
			buildPhases = (
				9253FC4E134DB112FD45602F /* [CP] Check Pods Manifest.lock */,
				AEE53D4727237880004E075C /* Sources */,
				AEE53D4827237880004E075C /* Frameworks */,
				AEE53D4927237880004E075C /* Resources */,
				83B0A9A3144315693DDA9FCB /* [CP] Embed Pods Frameworks */,
			);
			buildRules = (
			);
			dependencies = (
			);
			name = MyRecipeApp_CleanArchitecture;
			productName = MyRecipeApp_CleanArchitecture;
			productReference = AEE53D4B27237880004E075C /* MyRecipeApp_CleanArchitecture.app */;
			productType = "com.apple.product-type.application";
		};
/* End PBXNativeTarget section */

/* Begin PBXProject section */
		AEE53D4327237880004E075C /* Project object */ = {
			isa = PBXProject;
			attributes = {
				BuildIndependentTargetsInParallel = 1;
				LastSwiftUpdateCheck = 1300;
				LastUpgradeCheck = 1300;
				TargetAttributes = {
					AEE53D4A27237880004E075C = {
						CreatedOnToolsVersion = 13.0;
					};
				};
			};
			buildConfigurationList = AEE53D4627237880004E075C /* Build configuration list for PBXProject "MyRecipeApp_CleanArchitecture" */;
			compatibilityVersion = "Xcode 13.0";
			developmentRegion = en;
			hasScannedForEncodings = 0;
			knownRegions = (
				en,
				Base,
			);
			mainGroup = AEE53D4227237880004E075C;
			productRefGroup = AEE53D4C27237880004E075C /* Products */;
			projectDirPath = "";
			projectRoot = "";
			targets = (
				AEE53D4A27237880004E075C /* MyRecipeApp_CleanArchitecture */,
			);
		};
/* End PBXProject section */

/* Begin PBXResourcesBuildPhase section */
		AEE53D4927237880004E075C /* Resources */ = {
			isa = PBXResourcesBuildPhase;
			buildActionMask = 2147483647;
			files = (
				AEE53D5E27237882004E075C /* LaunchScreen.storyboard in Resources */,
				AEE53D5B27237882004E075C /* Assets.xcassets in Resources */,
				AEE53D5627237880004E075C /* Main.storyboard in Resources */,
			);
			runOnlyForDeploymentPostprocessing = 0;
		};
/* End PBXResourcesBuildPhase section */

/* Begin PBXShellScriptBuildPhase section */
		83B0A9A3144315693DDA9FCB /* [CP] Embed Pods Frameworks */ = {
			isa = PBXShellScriptBuildPhase;
			buildActionMask = 2147483647;
			files = (
			);
			inputFileListPaths = (
				"${PODS_ROOT}/Target Support Files/Pods-MyRecipeApp_CleanArchitecture/Pods-MyRecipeApp_CleanArchitecture-frameworks-${CONFIGURATION}-input-files.xcfilelist",
			);
			name = "[CP] Embed Pods Frameworks";
			outputFileListPaths = (
				"${PODS_ROOT}/Target Support Files/Pods-MyRecipeApp_CleanArchitecture/Pods-MyRecipeApp_CleanArchitecture-frameworks-${CONFIGURATION}-output-files.xcfilelist",
			);
			runOnlyForDeploymentPostprocessing = 0;
			shellPath = /bin/sh;
			shellScript = "\"${PODS_ROOT}/Target Support Files/Pods-MyRecipeApp_CleanArchitecture/Pods-MyRecipeApp_CleanArchitecture-frameworks.sh\"\n";
			showEnvVarsInLog = 0;
		};
		9253FC4E134DB112FD45602F /* [CP] Check Pods Manifest.lock */ = {
			isa = PBXShellScriptBuildPhase;
			buildActionMask = 2147483647;
			files = (
			);
			inputFileListPaths = (
			);
			inputPaths = (
				"${PODS_PODFILE_DIR_PATH}/Podfile.lock",
				"${PODS_ROOT}/Manifest.lock",
			);
			name = "[CP] Check Pods Manifest.lock";
			outputFileListPaths = (
			);
			outputPaths = (
				"$(DERIVED_FILE_DIR)/Pods-MyRecipeApp_CleanArchitecture-checkManifestLockResult.txt",
			);
			runOnlyForDeploymentPostprocessing = 0;
			shellPath = /bin/sh;
			shellScript = "diff \"${PODS_PODFILE_DIR_PATH}/Podfile.lock\" \"${PODS_ROOT}/Manifest.lock\" > /dev/null\nif [ $? != 0 ] ; then\n    # print error to STDERR\n    echo \"error: The sandbox is not in sync with the Podfile.lock. Run 'pod install' or update your CocoaPods installation.\" >&2\n    exit 1\nfi\n# This output is used by Xcode 'outputs' to avoid re-running this script phase.\necho \"SUCCESS\" > \"${SCRIPT_OUTPUT_FILE_0}\"\n";
			showEnvVarsInLog = 0;
		};
/* End PBXShellScriptBuildPhase section */

/* Begin PBXSourcesBuildPhase section */
		AEE53D4727237880004E075C /* Sources */ = {
			isa = PBXSourcesBuildPhase;
			buildActionMask = 2147483647;
			files = (
				AEE53D832723A749004E075C /* RecipeListViewModel.swift in Sources */,
				AEE53D962724715E004E075C /* RecipeList.swift in Sources */,
				AEE53D91272449AB004E075C /* AppConfig.swift in Sources */,
				AEE53D8827243AE0004E075C /* InjectModules.swift in Sources */,
				AEE53D862723AA7F004E075C /* CustomInject.swift in Sources */,
				AEE53D9A27247401004E075C /* RecipeRepositoryImpl.swift in Sources */,
				AEE53D8127239A3A004E075C /* RecipeCoordinator.swift in Sources */,
				AEE53D5327237880004E075C /* ViewController.swift in Sources */,
				AEE53D9C272474F6004E075C /* RecipeApi.swift in Sources */,
				AEE53D8A27243AF7004E075C /* InjectCoordinators.swift in Sources */,
				AEE53D4F27237880004E075C /* AppDelegate.swift in Sources */,
				AEE53D762723848F004E075C /* Coordinator.swift in Sources */,
				AEE53D5927237880004E075C /* MyRecipeApp_CleanArchitecture.xcdatamodeld in Sources */,
				AEE53D5127237880004E075C /* SceneDelegate.swift in Sources */,
				AEE53D8E27243BAD004E075C /* NetworkService.swift in Sources */,
				AEE53D6D272382D0004E075C /* Recipe.swift in Sources */,
				AEE53D9427247003004E075C /* RecipeRepository.swift in Sources */,
				AEE53D792723908C004E075C /* Storyboarded.swift in Sources */,
				AEE53D7F272395BF004E075C /* MainCoordinator.swift in Sources */,
				AEE53D7D272393B9004E075C /* Collections_Ext.swift in Sources */,
			);
			runOnlyForDeploymentPostprocessing = 0;
		};
/* End PBXSourcesBuildPhase section */

/* Begin PBXVariantGroup section */
		AEE53D5427237880004E075C /* Main.storyboard */ = {
			isa = PBXVariantGroup;
			children = (
				AEE53D5527237880004E075C /* Base */,
			);
			name = Main.storyboard;
			sourceTree = "<group>";
		};
		AEE53D5C27237882004E075C /* LaunchScreen.storyboard */ = {
			isa = PBXVariantGroup;
			children = (
				AEE53D5D27237882004E075C /* Base */,
			);
			name = LaunchScreen.storyboard;
			sourceTree = "<group>";
		};
/* End PBXVariantGroup section */

/* Begin XCBuildConfiguration section */
		AEE53D6027237882004E075C /* Debug */ = {
			isa = XCBuildConfiguration;
			buildSettings = {
				ALWAYS_SEARCH_USER_PATHS = NO;
				CLANG_ANALYZER_NONNULL = YES;
				CLANG_ANALYZER_NUMBER_OBJECT_CONVERSION = YES_AGGRESSIVE;
				CLANG_CXX_LANGUAGE_STANDARD = "gnu++17";
				CLANG_CXX_LIBRARY = "libc++";
				CLANG_ENABLE_MODULES = YES;
				CLANG_ENABLE_OBJC_ARC = YES;
				CLANG_ENABLE_OBJC_WEAK = YES;
				CLANG_WARN_BLOCK_CAPTURE_AUTORELEASING = YES;
				CLANG_WARN_BOOL_CONVERSION = YES;
				CLANG_WARN_COMMA = YES;
				CLANG_WARN_CONSTANT_CONVERSION = YES;
				CLANG_WARN_DEPRECATED_OBJC_IMPLEMENTATIONS = YES;
				CLANG_WARN_DIRECT_OBJC_ISA_USAGE = YES_ERROR;
				CLANG_WARN_DOCUMENTATION_COMMENTS = YES;
				CLANG_WARN_EMPTY_BODY = YES;
				CLANG_WARN_ENUM_CONVERSION = YES;
				CLANG_WARN_INFINITE_RECURSION = YES;
				CLANG_WARN_INT_CONVERSION = YES;
				CLANG_WARN_NON_LITERAL_NULL_CONVERSION = YES;
				CLANG_WARN_OBJC_IMPLICIT_RETAIN_SELF = YES;
				CLANG_WARN_OBJC_LITERAL_CONVERSION = YES;
				CLANG_WARN_OBJC_ROOT_CLASS = YES_ERROR;
				CLANG_WARN_QUOTED_INCLUDE_IN_FRAMEWORK_HEADER = YES;
				CLANG_WARN_RANGE_LOOP_ANALYSIS = YES;
				CLANG_WARN_STRICT_PROTOTYPES = YES;
				CLANG_WARN_SUSPICIOUS_MOVE = YES;
				CLANG_WARN_UNGUARDED_AVAILABILITY = YES_AGGRESSIVE;
				CLANG_WARN_UNREACHABLE_CODE = YES;
				CLANG_WARN__DUPLICATE_METHOD_MATCH = YES;
				COPY_PHASE_STRIP = NO;
				DEBUG_INFORMATION_FORMAT = dwarf;
				ENABLE_STRICT_OBJC_MSGSEND = YES;
				ENABLE_TESTABILITY = YES;
				GCC_C_LANGUAGE_STANDARD = gnu11;
				GCC_DYNAMIC_NO_PIC = NO;
				GCC_NO_COMMON_BLOCKS = YES;
				GCC_OPTIMIZATION_LEVEL = 0;
				GCC_PREPROCESSOR_DEFINITIONS = (
					"DEBUG=1",
					"$(inherited)",
				);
				GCC_WARN_64_TO_32_BIT_CONVERSION = YES;
				GCC_WARN_ABOUT_RETURN_TYPE = YES_ERROR;
				GCC_WARN_UNDECLARED_SELECTOR = YES;
				GCC_WARN_UNINITIALIZED_AUTOS = YES_AGGRESSIVE;
				GCC_WARN_UNUSED_FUNCTION = YES;
				GCC_WARN_UNUSED_VARIABLE = YES;
				IPHONEOS_DEPLOYMENT_TARGET = 15.0;
				MTL_ENABLE_DEBUG_INFO = INCLUDE_SOURCE;
				MTL_FAST_MATH = YES;
				ONLY_ACTIVE_ARCH = YES;
				SDKROOT = iphoneos;
				SWIFT_ACTIVE_COMPILATION_CONDITIONS = DEBUG;
				SWIFT_OPTIMIZATION_LEVEL = "-Onone";
			};
			name = Debug;
		};
		AEE53D6127237882004E075C /* Release */ = {
			isa = XCBuildConfiguration;
			buildSettings = {
				ALWAYS_SEARCH_USER_PATHS = NO;
				CLANG_ANALYZER_NONNULL = YES;
				CLANG_ANALYZER_NUMBER_OBJECT_CONVERSION = YES_AGGRESSIVE;
				CLANG_CXX_LANGUAGE_STANDARD = "gnu++17";
				CLANG_CXX_LIBRARY = "libc++";
				CLANG_ENABLE_MODULES = YES;
				CLANG_ENABLE_OBJC_ARC = YES;
				CLANG_ENABLE_OBJC_WEAK = YES;
				CLANG_WARN_BLOCK_CAPTURE_AUTORELEASING = YES;
				CLANG_WARN_BOOL_CONVERSION = YES;
				CLANG_WARN_COMMA = YES;
				CLANG_WARN_CONSTANT_CONVERSION = YES;
				CLANG_WARN_DEPRECATED_OBJC_IMPLEMENTATIONS = YES;
				CLANG_WARN_DIRECT_OBJC_ISA_USAGE = YES_ERROR;
				CLANG_WARN_DOCUMENTATION_COMMENTS = YES;
				CLANG_WARN_EMPTY_BODY = YES;
				CLANG_WARN_ENUM_CONVERSION = YES;
				CLANG_WARN_INFINITE_RECURSION = YES;
				CLANG_WARN_INT_CONVERSION = YES;
				CLANG_WARN_NON_LITERAL_NULL_CONVERSION = YES;
				CLANG_WARN_OBJC_IMPLICIT_RETAIN_SELF = YES;
				CLANG_WARN_OBJC_LITERAL_CONVERSION = YES;
				CLANG_WARN_OBJC_ROOT_CLASS = YES_ERROR;
				CLANG_WARN_QUOTED_INCLUDE_IN_FRAMEWORK_HEADER = YES;
				CLANG_WARN_RANGE_LOOP_ANALYSIS = YES;
				CLANG_WARN_STRICT_PROTOTYPES = YES;
				CLANG_WARN_SUSPICIOUS_MOVE = YES;
				CLANG_WARN_UNGUARDED_AVAILABILITY = YES_AGGRESSIVE;
				CLANG_WARN_UNREACHABLE_CODE = YES;
				CLANG_WARN__DUPLICATE_METHOD_MATCH = YES;
				COPY_PHASE_STRIP = NO;
				DEBUG_INFORMATION_FORMAT = "dwarf-with-dsym";
				ENABLE_NS_ASSERTIONS = NO;
				ENABLE_STRICT_OBJC_MSGSEND = YES;
				GCC_C_LANGUAGE_STANDARD = gnu11;
				GCC_NO_COMMON_BLOCKS = YES;
				GCC_WARN_64_TO_32_BIT_CONVERSION = YES;
				GCC_WARN_ABOUT_RETURN_TYPE = YES_ERROR;
				GCC_WARN_UNDECLARED_SELECTOR = YES;
				GCC_WARN_UNINITIALIZED_AUTOS = YES_AGGRESSIVE;
				GCC_WARN_UNUSED_FUNCTION = YES;
				GCC_WARN_UNUSED_VARIABLE = YES;
				IPHONEOS_DEPLOYMENT_TARGET = 15.0;
				MTL_ENABLE_DEBUG_INFO = NO;
				MTL_FAST_MATH = YES;
				SDKROOT = iphoneos;
				SWIFT_COMPILATION_MODE = wholemodule;
				SWIFT_OPTIMIZATION_LEVEL = "-O";
				VALIDATE_PRODUCT = YES;
			};
			name = Release;
		};
		AEE53D6327237882004E075C /* Debug */ = {
			isa = XCBuildConfiguration;
			baseConfigurationReference = 866DD6C2A85D8B12EC3FC4F2 /* Pods-MyRecipeApp_CleanArchitecture.debug.xcconfig */;
			buildSettings = {
				ASSETCATALOG_COMPILER_APPICON_NAME = AppIcon;
				ASSETCATALOG_COMPILER_GLOBAL_ACCENT_COLOR_NAME = AccentColor;
				CODE_SIGN_STYLE = Automatic;
				CURRENT_PROJECT_VERSION = 1;
				GENERATE_INFOPLIST_FILE = YES;
				INFOPLIST_FILE = MyRecipeApp_CleanArchitecture/Info.plist;
				INFOPLIST_KEY_UIApplicationSupportsIndirectInputEvents = YES;
				INFOPLIST_KEY_UILaunchStoryboardName = LaunchScreen;
				INFOPLIST_KEY_UIMainStoryboardFile = Main;
				INFOPLIST_KEY_UISupportedInterfaceOrientations_iPad = "UIInterfaceOrientationPortrait UIInterfaceOrientationPortraitUpsideDown UIInterfaceOrientationLandscapeLeft UIInterfaceOrientationLandscapeRight";
				INFOPLIST_KEY_UISupportedInterfaceOrientations_iPhone = "UIInterfaceOrientationPortrait UIInterfaceOrientationLandscapeLeft UIInterfaceOrientationLandscapeRight";
				LD_RUNPATH_SEARCH_PATHS = (
					"$(inherited)",
					"@executable_path/Frameworks",
				);
				MARKETING_VERSION = 1.0;
				PRODUCT_BUNDLE_IDENTIFIER = "com.cognity.practice.MyRecipeApp-CleanArchitecture";
				PRODUCT_NAME = "$(TARGET_NAME)";
				SWIFT_EMIT_LOC_STRINGS = YES;
				SWIFT_VERSION = 5.0;
				TARGETED_DEVICE_FAMILY = "1,2";
			};
			name = Debug;
		};
		AEE53D6427237882004E075C /* Release */ = {
			isa = XCBuildConfiguration;
			baseConfigurationReference = 2FFDDF9B122E9524539D95F4 /* Pods-MyRecipeApp_CleanArchitecture.release.xcconfig */;
			buildSettings = {
				ASSETCATALOG_COMPILER_APPICON_NAME = AppIcon;
				ASSETCATALOG_COMPILER_GLOBAL_ACCENT_COLOR_NAME = AccentColor;
				CODE_SIGN_STYLE = Automatic;
				CURRENT_PROJECT_VERSION = 1;
				GENERATE_INFOPLIST_FILE = YES;
				INFOPLIST_FILE = MyRecipeApp_CleanArchitecture/Info.plist;
				INFOPLIST_KEY_UIApplicationSupportsIndirectInputEvents = YES;
				INFOPLIST_KEY_UILaunchStoryboardName = LaunchScreen;
				INFOPLIST_KEY_UIMainStoryboardFile = Main;
				INFOPLIST_KEY_UISupportedInterfaceOrientations_iPad = "UIInterfaceOrientationPortrait UIInterfaceOrientationPortraitUpsideDown UIInterfaceOrientationLandscapeLeft UIInterfaceOrientationLandscapeRight";
				INFOPLIST_KEY_UISupportedInterfaceOrientations_iPhone = "UIInterfaceOrientationPortrait UIInterfaceOrientationLandscapeLeft UIInterfaceOrientationLandscapeRight";
				LD_RUNPATH_SEARCH_PATHS = (
					"$(inherited)",
					"@executable_path/Frameworks",
				);
				MARKETING_VERSION = 1.0;
				PRODUCT_BUNDLE_IDENTIFIER = "com.cognity.practice.MyRecipeApp-CleanArchitecture";
				PRODUCT_NAME = "$(TARGET_NAME)";
				SWIFT_EMIT_LOC_STRINGS = YES;
				SWIFT_VERSION = 5.0;
				TARGETED_DEVICE_FAMILY = "1,2";
			};
			name = Release;
		};
/* End XCBuildConfiguration section */

/* Begin XCConfigurationList section */
		AEE53D4627237880004E075C /* Build configuration list for PBXProject "MyRecipeApp_CleanArchitecture" */ = {
			isa = XCConfigurationList;
			buildConfigurations = (
				AEE53D6027237882004E075C /* Debug */,
				AEE53D6127237882004E075C /* Release */,
			);
			defaultConfigurationIsVisible = 0;
			defaultConfigurationName = Release;
		};
		AEE53D6227237882004E075C /* Build configuration list for PBXNativeTarget "MyRecipeApp_CleanArchitecture" */ = {
			isa = XCConfigurationList;
			buildConfigurations = (
				AEE53D6327237882004E075C /* Debug */,
				AEE53D6427237882004E075C /* Release */,
			);
			defaultConfigurationIsVisible = 0;
			defaultConfigurationName = Release;
		};
/* End XCConfigurationList section */

/* Begin XCVersionGroup section */
		AEE53D5727237880004E075C /* MyRecipeApp_CleanArchitecture.xcdatamodeld */ = {
			isa = XCVersionGroup;
			children = (
				AEE53D5827237880004E075C /* MyRecipeApp_CleanArchitecture.xcdatamodel */,
			);
			currentVersion = AEE53D5827237880004E075C /* MyRecipeApp_CleanArchitecture.xcdatamodel */;
			path = MyRecipeApp_CleanArchitecture.xcdatamodeld;
			sourceTree = "<group>";
			versionGroupType = wrapper.xcdatamodel;
		};
/* End XCVersionGroup section */
	};
	rootObject = AEE53D4327237880004E075C /* Project object */;
}
